
Microsoft Visual Studio Solution File, Format Version 12.00
# Visual Studio Version 17
VisualStudioVersion = 17.13.35825.156 d17.13
MinimumVisualStudioVersion = 10.0.40219.1
Project("{FAE04EC0-301F-11D3-BF4B-00C04F79EFBC}") = "projefinal", "projefinal\projefinal.csproj", "{FE1576D1-7046-4F86-BADB-8EE2C21EA0DF}"
EndProject
Global
	GlobalSection(SolutionConfigurationPlatforms) = preSolution
		Debug|Any CPU = Debug|Any CPU
		Release|Any CPU = Release|Any CPU
	EndGlobalSection
	GlobalSection(ProjectConfigurationPlatforms) = postSolution
		{FE1576D1-7046-4F86-BADB-8EE2C21EA0DF}.Debug|Any CPU.ActiveCfg = Debug|Any CPU
		{FE1576D1-7046-4F86-BADB-8EE2C21EA0DF}.Debug|Any CPU.Build.0 = Debug|Any CPU
		{FE1576D1-7046-4F86-BADB-8EE2C21EA0DF}.Release|Any CPU.ActiveCfg = Release|Any CPU
		{FE1576D1-7046-4F86-BADB-8EE2C21EA0DF}.Release|Any CPU.Build.0 = Release|Any CPU
	EndGlobalSection
	GlobalSection(SolutionProperties) = preSolution
		HideSolutionNode = FALSE
	EndGlobalSection
	GlobalSection(ExtensibilityGlobals) = postSolution
		SolutionGuid = {0789701F-1FD6-4F31-95D7-2C15D738A1D4}
	EndGlobalSection
EndGlobal
